// !$*UTF8*$!
{
	archiveVersion = 1;
	classes = {
	};
	objectVersion = 56;
	objects = {

/* Begin PBXBuildFile section */
		373A1BE72BC9F89800B15E2C /* GuidebookApp.swift in Sources */ = {isa = PBXBuildFile; fileRef = 373A1BE62BC9F89800B15E2C /* GuidebookApp.swift */; };
		373A1BE92BC9F89800B15E2C /* CityView.swift in Sources */ = {isa = PBXBuildFile; fileRef = 373A1BE82BC9F89800B15E2C /* CityView.swift */; };
		373A1BEB2BC9F89900B15E2C /* Assets.xcassets in Resources */ = {isa = PBXBuildFile; fileRef = 373A1BEA2BC9F89900B15E2C /* Assets.xcassets */; };
		373A1BEE2BC9F89900B15E2C /* Preview Assets.xcassets in Resources */ = {isa = PBXBuildFile; fileRef = 373A1BED2BC9F89900B15E2C /* Preview Assets.xcassets */; };
		373A1BF52BC9F97700B15E2C /* AttractionsView.swift in Sources */ = {isa = PBXBuildFile; fileRef = 373A1BF42BC9F97700B15E2C /* AttractionsView.swift */; };
		373A1BF72BC9F99300B15E2C /* DetailView.swift in Sources */ = {isa = PBXBuildFile; fileRef = 373A1BF62BC9F99300B15E2C /* DetailView.swift */; };
		373A1BF92BC9F9F300B15E2C /* DataService.swift in Sources */ = {isa = PBXBuildFile; fileRef = 373A1BF82BC9F9F300B15E2C /* DataService.swift */; };
		373A1BFB2BC9FAC200B15E2C /* City.swift in Sources */ = {isa = PBXBuildFile; fileRef = 373A1BFA2BC9FAC200B15E2C /* City.swift */; };
		373A1BFD2BC9FD0300B15E2C /* Attraction.swift in Sources */ = {isa = PBXBuildFile; fileRef = 373A1BFC2BC9FD0300B15E2C /* Attraction.swift */; };
		373A1BFF2BCB276200B15E2C /* CityCard.swift in Sources */ = {isa = PBXBuildFile; fileRef = 373A1BFE2BCB276200B15E2C /* CityCard.swift */; };
		373A1C012BCB2FEB00B15E2C /* AttractionRow.swift in Sources */ = {isa = PBXBuildFile; fileRef = 373A1C002BCB2FEB00B15E2C /* AttractionRow.swift */; };
		373A1C032BD71AE000B15E2C /* DemoData.json in Resources */ = {isa = PBXBuildFile; fileRef = 373A1C022BD71AE000B15E2C /* DemoData.json */; };
/* End PBXBuildFile section */

/* Begin PBXFileReference section */
		373A1BE32BC9F89800B15E2C /* Guidebook.app */ = {isa = PBXFileReference; explicitFileType = wrapper.application; includeInIndex = 0; path = Guidebook.app; sourceTree = BUILT_PRODUCTS_DIR; };
		373A1BE62BC9F89800B15E2C /* GuidebookApp.swift */ = {isa = PBXFileReference; lastKnownFileType = sourcecode.swift; path = GuidebookApp.swift; sourceTree = "<group>"; };
		373A1BE82BC9F89800B15E2C /* CityView.swift */ = {isa = PBXFileReference; lastKnownFileType = sourcecode.swift; path = CityView.swift; sourceTree = "<group>"; };
		373A1BEA2BC9F89900B15E2C /* Assets.xcassets */ = {isa = PBXFileReference; lastKnownFileType = folder.assetcatalog; path = Assets.xcassets; sourceTree = "<group>"; };
		373A1BED2BC9F89900B15E2C /* Preview Assets.xcassets */ = {isa = PBXFileReference; lastKnownFileType = folder.assetcatalog; path = "Preview Assets.xcassets"; sourceTree = "<group>"; };
		373A1BF42BC9F97700B15E2C /* AttractionsView.swift */ = {isa = PBXFileReference; lastKnownFileType = sourcecode.swift; path = AttractionsView.swift; sourceTree = "<group>"; };
		373A1BF62BC9F99300B15E2C /* DetailView.swift */ = {isa = PBXFileReference; lastKnownFileType = sourcecode.swift; path = DetailView.swift; sourceTree = "<group>"; };
		373A1BF82BC9F9F300B15E2C /* DataService.swift */ = {isa = PBXFileReference; lastKnownFileType = sourcecode.swift; path = DataService.swift; sourceTree = "<group>"; };
		373A1BFA2BC9FAC200B15E2C /* City.swift */ = {isa = PBXFileReference; lastKnownFileType = sourcecode.swift; path = City.swift; sourceTree = "<group>"; };
		373A1BFC2BC9FD0300B15E2C /* Attraction.swift */ = {isa = PBXFileReference; lastKnownFileType = sourcecode.swift; path = Attraction.swift; sourceTree = "<group>"; };
		373A1BFE2BCB276200B15E2C /* CityCard.swift */ = {isa = PBXFileReference; lastKnownFileType = sourcecode.swift; path = CityCard.swift; sourceTree = "<group>"; };
		373A1C002BCB2FEB00B15E2C /* AttractionRow.swift */ = {isa = PBXFileReference; lastKnownFileType = sourcecode.swift; path = AttractionRow.swift; sourceTree = "<group>"; };
		373A1C022BD71AE000B15E2C /* DemoData.json */ = {isa = PBXFileReference; fileEncoding = 4; lastKnownFileType = text.json; path = DemoData.json; sourceTree = "<group>"; };
/* End PBXFileReference section */

/* Begin PBXFrameworksBuildPhase section */
		373A1BE02BC9F89800B15E2C /* Frameworks */ = {
			isa = PBXFrameworksBuildPhase;
			buildActionMask = 2147483647;
			files = (
			);
			runOnlyForDeploymentPostprocessing = 0;
		};
/* End PBXFrameworksBuildPhase section */

/* Begin PBXGroup section */
		373A1BDA2BC9F89800B15E2C = {
			isa = PBXGroup;
			children = (
				373A1BE52BC9F89800B15E2C /* Guidebook */,
				373A1BE42BC9F89800B15E2C /* Products */,
			);
			sourceTree = "<group>";
		};
		373A1BE42BC9F89800B15E2C /* Products */ = {
			isa = PBXGroup;
			children = (
				373A1BE32BC9F89800B15E2C /* Guidebook.app */,
			);
			name = Products;
			sourceTree = "<group>";
		};
		373A1BE52BC9F89800B15E2C /* Guidebook */ = {
			isa = PBXGroup;
			children = (
				373A1BE62BC9F89800B15E2C /* GuidebookApp.swift */,
				373A1BFE2BCB276200B15E2C /* CityCard.swift */,
				373A1BE82BC9F89800B15E2C /* CityView.swift */,
				373A1BF42BC9F97700B15E2C /* AttractionsView.swift */,
				373A1BF62BC9F99300B15E2C /* DetailView.swift */,
				373A1BF82BC9F9F300B15E2C /* DataService.swift */,
				373A1BFA2BC9FAC200B15E2C /* City.swift */,
				373A1BFC2BC9FD0300B15E2C /* Attraction.swift */,
				373A1C002BCB2FEB00B15E2C /* AttractionRow.swift */,
				373A1BEA2BC9F89900B15E2C /* Assets.xcassets */,
				373A1C022BD71AE000B15E2C /* DemoData.json */,
				373A1BEC2BC9F89900B15E2C /* Preview Content */,
			);
			path = Guidebook;
			sourceTree = "<group>";
		};
		373A1BEC2BC9F89900B15E2C /* Preview Content */ = {
			isa = PBXGroup;
			children = (
				373A1BED2BC9F89900B15E2C /* Preview Assets.xcassets */,
			);
			path = "Preview Content";
			sourceTree = "<group>";
		};
/* End PBXGroup section */

/* Begin PBXNativeTarget section */
		373A1BE22BC9F89800B15E2C /* Guidebook */ = {
			isa = PBXNativeTarget;
			buildConfigurationList = 373A1BF12BC9F89900B15E2C /* Build configuration list for PBXNativeTarget "Guidebook" */;
			buildPhases = (
				373A1BDF2BC9F89800B15E2C /* Sources */,
				373A1BE02BC9F89800B15E2C /* Frameworks */,
				373A1BE12BC9F89800B15E2C /* Resources */,
			);
			buildRules = (
			);
			dependencies = (
			);
			name = Guidebook;
			productName = Guidebook;
			productReference = 373A1BE32BC9F89800B15E2C /* Guidebook.app */;
			productType = "com.apple.product-type.application";
		};
/* End PBXNativeTarget section */

/* Begin PBXProject section */
		373A1BDB2BC9F89800B15E2C /* Project object */ = {
			isa = PBXProject;
			attributes = {
				BuildIndependentTargetsInParallel = 1;
				LastSwiftUpdateCheck = 1530;
				LastUpgradeCheck = 1530;
				TargetAttributes = {
					373A1BE22BC9F89800B15E2C = {
						CreatedOnToolsVersion = 15.3;
					};
				};
			};
			buildConfigurationList = 373A1BDE2BC9F89800B15E2C /* Build configuration list for PBXProject "Guidebook" */;
			compatibilityVersion = "Xcode 14.0";
			developmentRegion = en;
			hasScannedForEncodings = 0;
			knownRegions = (
				en,
				Base,
			);
			mainGroup = 373A1BDA2BC9F89800B15E2C;
			productRefGroup = 373A1BE42BC9F89800B15E2C /* Products */;
			projectDirPath = "";
			projectRoot = "";
			targets = (
				373A1BE22BC9F89800B15E2C /* Guidebook */,
			);
		};
/* End PBXProject section */

/* Begin PBXResourcesBuildPhase section */
		373A1BE12BC9F89800B15E2C /* Resources */ = {
			isa = PBXResourcesBuildPhase;
			buildActionMask = 2147483647;
			files = (
				373A1BEE2BC9F89900B15E2C /* Preview Assets.xcassets in Resources */,
				373A1C032BD71AE000B15E2C /* DemoData.json in Resources */,
				373A1BEB2BC9F89900B15E2C /* Assets.xcassets in Resources */,
			);
			runOnlyForDeploymentPostprocessing = 0;
		};
/* End PBXResourcesBuildPhase section */

/* Begin PBXSourcesBuildPhase section */
		373A1BDF2BC9F89800B15E2C /* Sources */ = {
			isa = PBXSourcesBuildPhase;
			buildActionMask = 2147483647;
			files = (
				373A1BE92BC9F89800B15E2C /* CityView.swift in Sources */,
				373A1BF72BC9F99300B15E2C /* DetailView.swift in Sources */,
				373A1C012BCB2FEB00B15E2C /* AttractionRow.swift in Sources */,
				373A1BFB2BC9FAC200B15E2C /* City.swift in Sources */,
				373A1BFD2BC9FD0300B15E2C /* Attraction.swift in Sources */,
				373A1BFF2BCB276200B15E2C /* CityCard.swift in Sources */,
				373A1BE72BC9F89800B15E2C /* GuidebookApp.swift in Sources */,
				373A1BF52BC9F97700B15E2C /* AttractionsView.swift in Sources */,
				373A1BF92BC9F9F300B15E2C /* DataService.swift in Sources */,
			);
			runOnlyForDeploymentPostprocessing = 0;
		};
/* End PBXSourcesBuildPhase section */

/* Begin XCBuildConfiguration section */
		373A1BEF2BC9F89900B15E2C /* Debug */ = {
			isa = XCBuildConfiguration;
			buildSettings = {
				ALWAYS_SEARCH_USER_PATHS = NO;
				ASSETCATALOG_COMPILER_GENERATE_SWIFT_ASSET_SYMBOL_EXTENSIONS = YES;
				CLANG_ANALYZER_NONNULL = YES;
				CLANG_ANALYZER_NUMBER_OBJECT_CONVERSION = YES_AGGRESSIVE;
				CLANG_CXX_LANGUAGE_STANDARD = "gnu++20";
				CLANG_ENABLE_MODULES = YES;
				CLANG_ENABLE_OBJC_ARC = YES;
				CLANG_ENABLE_OBJC_WEAK = YES;
				CLANG_WARN_BLOCK_CAPTURE_AUTORELEASING = YES;
				CLANG_WARN_BOOL_CONVERSION = YES;
				CLANG_WARN_COMMA = YES;
				CLANG_WARN_CONSTANT_CONVERSION = YES;
				CLANG_WARN_DEPRECATED_OBJC_IMPLEMENTATIONS = YES;
				CLANG_WARN_DIRECT_OBJC_ISA_USAGE = YES_ERROR;
				CLANG_WARN_DOCUMENTATION_COMMENTS = YES;
				CLANG_WARN_EMPTY_BODY = YES;
				CLANG_WARN_ENUM_CONVERSION = YES;
				CLANG_WARN_INFINITE_RECURSION = YES;
				CLANG_WARN_INT_CONVERSION = YES;
				CLANG_WARN_NON_LITERAL_NULL_CONVERSION = YES;
				CLANG_WARN_OBJC_IMPLICIT_RETAIN_SELF = YES;
				CLANG_WARN_OBJC_LITERAL_CONVERSION = YES;
				CLANG_WARN_OBJC_ROOT_CLASS = YES_ERROR;
				CLANG_WARN_QUOTED_INCLUDE_IN_FRAMEWORK_HEADER = YES;
				CLANG_WARN_RANGE_LOOP_ANALYSIS = YES;
				CLANG_WARN_STRICT_PROTOTYPES = YES;
				CLANG_WARN_SUSPICIOUS_MOVE = YES;
				CLANG_WARN_UNGUARDED_AVAILABILITY = YES_AGGRESSIVE;
				CLANG_WARN_UNREACHABLE_CODE = YES;
				CLANG_WARN__DUPLICATE_METHOD_MATCH = YES;
				COPY_PHASE_STRIP = NO;
				DEBUG_INFORMATION_FORMAT = dwarf;
				ENABLE_STRICT_OBJC_MSGSEND = YES;
				ENABLE_TESTABILITY = YES;
				ENABLE_USER_SCRIPT_SANDBOXING = YES;
				GCC_C_LANGUAGE_STANDARD = gnu17;
				GCC_DYNAMIC_NO_PIC = NO;
				GCC_NO_COMMON_BLOCKS = YES;
				GCC_OPTIMIZATION_LEVEL = 0;
				GCC_PREPROCESSOR_DEFINITIONS = (
					"DEBUG=1",
					"$(inherited)",
				);
				GCC_WARN_64_TO_32_BIT_CONVERSION = YES;
				GCC_WARN_ABOUT_RETURN_TYPE = YES_ERROR;
				GCC_WARN_UNDECLARED_SELECTOR = YES;
				GCC_WARN_UNINITIALIZED_AUTOS = YES_AGGRESSIVE;
				GCC_WARN_UNUSED_FUNCTION = YES;
				GCC_WARN_UNUSED_VARIABLE = YES;
				IPHONEOS_DEPLOYMENT_TARGET = 17.4;
				LOCALIZATION_PREFERS_STRING_CATALOGS = YES;
				MTL_ENABLE_DEBUG_INFO = INCLUDE_SOURCE;
				MTL_FAST_MATH = YES;
				ONLY_ACTIVE_ARCH = YES;
				SDKROOT = iphoneos;
				SWIFT_ACTIVE_COMPILATION_CONDITIONS = "DEBUG $(inherited)";
				SWIFT_OPTIMIZATION_LEVEL = "-Onone";
			};
			name = Debug;
		};
		373A1BF02BC9F89900B15E2C /* Release */ = {
			isa = XCBuildConfiguration;
			buildSettings = {
				ALWAYS_SEARCH_USER_PATHS = NO;
				ASSETCATALOG_COMPILER_GENERATE_SWIFT_ASSET_SYMBOL_EXTENSIONS = YES;
				CLANG_ANALYZER_NONNULL = YES;
				CLANG_ANALYZER_NUMBER_OBJECT_CONVERSION = YES_AGGRESSIVE;
				CLANG_CXX_LANGUAGE_STANDARD = "gnu++20";
				CLANG_ENABLE_MODULES = YES;
				CLANG_ENABLE_OBJC_ARC = YES;
				CLANG_ENABLE_OBJC_WEAK = YES;
				CLANG_WARN_BLOCK_CAPTURE_AUTORELEASING = YES;
				CLANG_WARN_BOOL_CONVERSION = YES;
				CLANG_WARN_COMMA = YES;
				CLANG_WARN_CONSTANT_CONVERSION = YES;
				CLANG_WARN_DEPRECATED_OBJC_IMPLEMENTATIONS = YES;
				CLANG_WARN_DIRECT_OBJC_ISA_USAGE = YES_ERROR;
				CLANG_WARN_DOCUMENTATION_COMMENTS = YES;
				CLANG_WARN_EMPTY_BODY = YES;
				CLANG_WARN_ENUM_CONVERSION = YES;
				CLANG_WARN_INFINITE_RECURSION = YES;
				CLANG_WARN_INT_CONVERSION = YES;
				CLANG_WARN_NON_LITERAL_NULL_CONVERSION = YES;
				CLANG_WARN_OBJC_IMPLICIT_RETAIN_SELF = YES;
				CLANG_WARN_OBJC_LITERAL_CONVERSION = YES;
				CLANG_WARN_OBJC_ROOT_CLASS = YES_ERROR;
				CLANG_WARN_QUOTED_INCLUDE_IN_FRAMEWORK_HEADER = YES;
				CLANG_WARN_RANGE_LOOP_ANALYSIS = YES;
				CLANG_WARN_STRICT_PROTOTYPES = YES;
				CLANG_WARN_SUSPICIOUS_MOVE = YES;
				CLANG_WARN_UNGUARDED_AVAILABILITY = YES_AGGRESSIVE;
				CLANG_WARN_UNREACHABLE_CODE = YES;
				CLANG_WARN__DUPLICATE_METHOD_MATCH = YES;
				COPY_PHASE_STRIP = NO;
				DEBUG_INFORMATION_FORMAT = "dwarf-with-dsym";
				ENABLE_NS_ASSERTIONS = NO;
				ENABLE_STRICT_OBJC_MSGSEND = YES;
				ENABLE_USER_SCRIPT_SANDBOXING = YES;
				GCC_C_LANGUAGE_STANDARD = gnu17;
				GCC_NO_COMMON_BLOCKS = YES;
				GCC_WARN_64_TO_32_BIT_CONVERSION = YES;
				GCC_WARN_ABOUT_RETURN_TYPE = YES_ERROR;
				GCC_WARN_UNDECLARED_SELECTOR = YES;
				GCC_WARN_UNINITIALIZED_AUTOS = YES_AGGRESSIVE;
				GCC_WARN_UNUSED_FUNCTION = YES;
				GCC_WARN_UNUSED_VARIABLE = YES;
				IPHONEOS_DEPLOYMENT_TARGET = 17.4;
				LOCALIZATION_PREFERS_STRING_CATALOGS = YES;
				MTL_ENABLE_DEBUG_INFO = NO;
				MTL_FAST_MATH = YES;
				SDKROOT = iphoneos;
				SWIFT_COMPILATION_MODE = wholemodule;
				VALIDATE_PRODUCT = YES;
			};
			name = Release;
		};
		373A1BF22BC9F89900B15E2C /* Debug */ = {
			isa = XCBuildConfiguration;
			buildSettings = {
				ASSETCATALOG_COMPILER_APPICON_NAME = AppIcon;
				ASSETCATALOG_COMPILER_GLOBAL_ACCENT_COLOR_NAME = AccentColor;
				CODE_SIGN_STYLE = Automatic;
				CURRENT_PROJECT_VERSION = 1;
				DEVELOPMENT_ASSET_PATHS = "\"Guidebook/Preview Content\"";
				DEVELOPMENT_TEAM = KQP79556ZK;
				ENABLE_PREVIEWS = YES;
				GENERATE_INFOPLIST_FILE = YES;
				INFOPLIST_KEY_UIApplicationSceneManifest_Generation = YES;
				INFOPLIST_KEY_UIApplicationSupportsIndirectInputEvents = YES;
				INFOPLIST_KEY_UILaunchScreen_Generation = YES;
				INFOPLIST_KEY_UISupportedInterfaceOrientations_iPad = "UIInterfaceOrientationPortrait UIInterfaceOrientationPortraitUpsideDown UIInterfaceOrientationLandscapeLeft UIInterfaceOrientationLandscapeRight";
				INFOPLIST_KEY_UISupportedInterfaceOrientations_iPhone = "UIInterfaceOrientationPortrait UIInterfaceOrientationLandscapeLeft UIInterfaceOrientationLandscapeRight";
				LD_RUNPATH_SEARCH_PATHS = (
					"$(inherited)",
					"@executable_path/Frameworks",
				);
				MARKETING_VERSION = 1.0;
				PRODUCT_BUNDLE_IDENTIFIER = com.hireng.Guidebook;
				PRODUCT_NAME = "$(TARGET_NAME)";
				SWIFT_EMIT_LOC_STRINGS = YES;
				SWIFT_VERSION = 5.0;
				TARGETED_DEVICE_FAMILY = "1,2";
			};
			name = Debug;
		};
		373A1BF32BC9F89900B15E2C /* Release */ = {
			isa = XCBuildConfiguration;
			buildSettings = {
				ASSETCATALOG_COMPILER_APPICON_NAME = AppIcon;
				ASSETCATALOG_COMPILER_GLOBAL_ACCENT_COLOR_NAME = AccentColor;
				CODE_SIGN_STYLE = Automatic;
				CURRENT_PROJECT_VERSION = 1;
				DEVELOPMENT_ASSET_PATHS = "\"Guidebook/Preview Content\"";
				DEVELOPMENT_TEAM = KQP79556ZK;
				ENABLE_PREVIEWS = YES;
				GENERATE_INFOPLIST_FILE = YES;
				INFOPLIST_KEY_UIApplicationSceneManifest_Generation = YES;
				INFOPLIST_KEY_UIApplicationSupportsIndirectInputEvents = YES;
				INFOPLIST_KEY_UILaunchScreen_Generation = YES;
				INFOPLIST_KEY_UISupportedInterfaceOrientations_iPad = "UIInterfaceOrientationPortrait UIInterfaceOrientationPortraitUpsideDown UIInterfaceOrientationLandscapeLeft UIInterfaceOrientationLandscapeRight";
				INFOPLIST_KEY_UISupportedInterfaceOrientations_iPhone = "UIInterfaceOrientationPortrait UIInterfaceOrientationLandscapeLeft UIInterfaceOrientationLandscapeRight";
				LD_RUNPATH_SEARCH_PATHS = (
					"$(inherited)",
					"@executable_path/Frameworks",
				);
				MARKETING_VERSION = 1.0;
				PRODUCT_BUNDLE_IDENTIFIER = com.hireng.Guidebook;
				PRODUCT_NAME = "$(TARGET_NAME)";
				SWIFT_EMIT_LOC_STRINGS = YES;
				SWIFT_VERSION = 5.0;
				TARGETED_DEVICE_FAMILY = "1,2";
			};
			name = Release;
		};
/* End XCBuildConfiguration section */

/* Begin XCConfigurationList section */
		373A1BDE2BC9F89800B15E2C /* Build configuration list for PBXProject "Guidebook" */ = {
			isa = XCConfigurationList;
			buildConfigurations = (
				373A1BEF2BC9F89900B15E2C /* Debug */,
				373A1BF02BC9F89900B15E2C /* Release */,
			);
			defaultConfigurationIsVisible = 0;
			defaultConfigurationName = Release;
		};
		373A1BF12BC9F89900B15E2C /* Build configuration list for PBXNativeTarget "Guidebook" */ = {
			isa = XCConfigurationList;
			buildConfigurations = (
				373A1BF22BC9F89900B15E2C /* Debug */,
				373A1BF32BC9F89900B15E2C /* Release */,
			);
			defaultConfigurationIsVisible = 0;
			defaultConfigurationName = Release;
		};
/* End XCConfigurationList section */
	};
	rootObject = 373A1BDB2BC9F89800B15E2C /* Project object */;
}
